
Microsoft Visual Studio Solution File, Format Version 12.00
# Visual Studio Version 16
VisualStudioVersion = 16.0.30104.148
MinimumVisualStudioVersion = 10.0.40219.1
Project("{FAE04EC0-301F-11D3-BF4B-00C04F79EFBC}") = "the last and the only", "the last and the only.csproj", "{4EA58F85-7F48-4760-A4BC-653D14B9F489}"
EndProject
Global
	GlobalSection(SolutionConfigurationPlatforms) = preSolution
		Debug|Any CPU = Debug|Any CPU
		Release|Any CPU = Release|Any CPU
	EndGlobalSection
	GlobalSection(ProjectConfigurationPlatforms) = postSolution
		{4EA58F85-7F48-4760-A4BC-653D14B9F489}.Debug|Any CPU.ActiveCfg = Debug|Any CPU
		{4EA58F85-7F48-4760-A4BC-653D14B9F489}.Debug|Any CPU.Build.0 = Debug|Any CPU
		{4EA58F85-7F48-4760-A4BC-653D14B9F489}.Release|Any CPU.ActiveCfg = Release|Any CPU
		{4EA58F85-7F48-4760-A4BC-653D14B9F489}.Release|Any CPU.Build.0 = Release|Any CPU
	EndGlobalSection
	GlobalSection(SolutionProperties) = preSolution
		HideSolutionNode = FALSE
	EndGlobalSection
	GlobalSection(ExtensibilityGlobals) = postSolution
		SolutionGuid = {611F957B-D2CB-4937-86F4-922B5A2639FE}
	EndGlobalSection
EndGlobal
